
Microsoft Visual Studio Solution File, Format Version 12.00
# Visual Studio Version 17
VisualStudioVersion = 17.11.35222.181
MinimumVisualStudioVersion = 10.0.40219.1
Project("{FAE04EC0-301F-11D3-BF4B-00C04F79EFBC}") = "6T25_LoukaConstant_Exo2", "6T25_LoukaConstant_Exo2.csproj", "{D7201C8D-A9B7-4193-B303-3D4C0EA402BF}"
EndProject
Global
	GlobalSection(SolutionConfigurationPlatforms) = preSolution
		Debug|Any CPU = Debug|Any CPU
		Release|Any CPU = Release|Any CPU
	EndGlobalSection
	GlobalSection(ProjectConfigurationPlatforms) = postSolution
		{D7201C8D-A9B7-4193-B303-3D4C0EA402BF}.Debug|Any CPU.ActiveCfg = Debug|Any CPU
		{D7201C8D-A9B7-4193-B303-3D4C0EA402BF}.Debug|Any CPU.Build.0 = Debug|Any CPU
		{D7201C8D-A9B7-4193-B303-3D4C0EA402BF}.Release|Any CPU.ActiveCfg = Release|Any CPU
		{D7201C8D-A9B7-4193-B303-3D4C0EA402BF}.Release|Any CPU.Build.0 = Release|Any CPU
	EndGlobalSection
	GlobalSection(SolutionProperties) = preSolution
		HideSolutionNode = FALSE
	EndGlobalSection
	GlobalSection(ExtensibilityGlobals) = postSolution
		SolutionGuid = {CAC88D42-29BD-41A9-8B35-DFC42FC0381E}
	EndGlobalSection
EndGlobal
